
Microsoft Visual Studio Solution File, Format Version 12.00
# Visual Studio Version 16
VisualStudioVersion = 16.0.31005.135
MinimumVisualStudioVersion = 10.0.40219.1
Project("{FAE04EC0-301F-11D3-BF4B-00C04F79EFBC}") = "Teams", "Teams\Teams.csproj", "{8F73045D-DE4F-49B3-9724-D7B40DAFF1DF}"
EndProject
Global
	GlobalSection(SolutionConfigurationPlatforms) = preSolution
		Debug|Any CPU = Debug|Any CPU
		Release|Any CPU = Release|Any CPU
	EndGlobalSection
	GlobalSection(ProjectConfigurationPlatforms) = postSolution
		{8F73045D-DE4F-49B3-9724-D7B40DAFF1DF}.Debug|Any CPU.ActiveCfg = Debug|Any CPU
		{8F73045D-DE4F-49B3-9724-D7B40DAFF1DF}.Debug|Any CPU.Build.0 = Debug|Any CPU
		{8F73045D-DE4F-49B3-9724-D7B40DAFF1DF}.Release|Any CPU.ActiveCfg = Release|Any CPU
		{8F73045D-DE4F-49B3-9724-D7B40DAFF1DF}.Release|Any CPU.Build.0 = Release|Any CPU
	EndGlobalSection
	GlobalSection(SolutionProperties) = preSolution
		HideSolutionNode = FALSE
	EndGlobalSection
	GlobalSection(ExtensibilityGlobals) = postSolution
		SolutionGuid = {B495ED5E-328B-4BD5-8009-98A9A64B42D4}
	EndGlobalSection
EndGlobal
